// !$*UTF8*$!
{
	archiveVersion = 1;
	classes = {
	};
	objectVersion = 46;
	objects = {

/* Begin PBXBuildFile section */
		5290BB1C1F02AE3E0011B568 /* CompleteTaskViewController.swift in Sources */ = {isa = PBXBuildFile; fileRef = 5290BB1B1F02AE3E0011B568 /* CompleteTaskViewController.swift */; };
		52F8F38E1F0209CB009F9CBB /* AppDelegate.swift in Sources */ = {isa = PBXBuildFile; fileRef = 52F8F38D1F0209CB009F9CBB /* AppDelegate.swift */; };
		52F8F3901F0209CB009F9CBB /* TaskViewController.swift in Sources */ = {isa = PBXBuildFile; fileRef = 52F8F38F1F0209CB009F9CBB /* TaskViewController.swift */; };
		52F8F3931F0209CB009F9CBB /* Main.storyboard in Resources */ = {isa = PBXBuildFile; fileRef = 52F8F3911F0209CB009F9CBB /* Main.storyboard */; };
		52F8F3961F0209CB009F9CBB /* DoIt2.xcdatamodeld in Sources */ = {isa = PBXBuildFile; fileRef = 52F8F3941F0209CB009F9CBB /* DoIt2.xcdatamodeld */; };
		52F8F3981F0209CB009F9CBB /* Assets.xcassets in Resources */ = {isa = PBXBuildFile; fileRef = 52F8F3971F0209CB009F9CBB /* Assets.xcassets */; };
		52F8F39B1F0209CB009F9CBB /* LaunchScreen.storyboard in Resources */ = {isa = PBXBuildFile; fileRef = 52F8F3991F0209CB009F9CBB /* LaunchScreen.storyboard */; };
		52F8F3A31F0210A5009F9CBB /* TaskItem.swift in Sources */ = {isa = PBXBuildFile; fileRef = 52F8F3A21F0210A5009F9CBB /* TaskItem.swift */; };
		52F8F3A51F021B56009F9CBB /* CreateTaskViewController.swift in Sources */ = {isa = PBXBuildFile; fileRef = 52F8F3A41F021B56009F9CBB /* CreateTaskViewController.swift */; };
/* End PBXBuildFile section */

/* Begin PBXFileReference section */
		5290BB1B1F02AE3E0011B568 /* CompleteTaskViewController.swift */ = {isa = PBXFileReference; fileEncoding = 4; lastKnownFileType = sourcecode.swift; path = CompleteTaskViewController.swift; sourceTree = "<group>"; };
		52F8F38A1F0209CB009F9CBB /* DoIt2.app */ = {isa = PBXFileReference; explicitFileType = wrapper.application; includeInIndex = 0; path = DoIt2.app; sourceTree = BUILT_PRODUCTS_DIR; };
		52F8F38D1F0209CB009F9CBB /* AppDelegate.swift */ = {isa = PBXFileReference; lastKnownFileType = sourcecode.swift; path = AppDelegate.swift; sourceTree = "<group>"; };
		52F8F38F1F0209CB009F9CBB /* TaskViewController.swift */ = {isa = PBXFileReference; lastKnownFileType = sourcecode.swift; path = TaskViewController.swift; sourceTree = "<group>"; };
		52F8F3921F0209CB009F9CBB /* Base */ = {isa = PBXFileReference; lastKnownFileType = file.storyboard; name = Base; path = Base.lproj/Main.storyboard; sourceTree = "<group>"; };
		52F8F3951F0209CB009F9CBB /* DoIt2.xcdatamodel */ = {isa = PBXFileReference; lastKnownFileType = wrapper.xcdatamodel; path = DoIt2.xcdatamodel; sourceTree = "<group>"; };
		52F8F3971F0209CB009F9CBB /* Assets.xcassets */ = {isa = PBXFileReference; lastKnownFileType = folder.assetcatalog; path = Assets.xcassets; sourceTree = "<group>"; };
		52F8F39A1F0209CB009F9CBB /* Base */ = {isa = PBXFileReference; lastKnownFileType = file.storyboard; name = Base; path = Base.lproj/LaunchScreen.storyboard; sourceTree = "<group>"; };
		52F8F39C1F0209CB009F9CBB /* Info.plist */ = {isa = PBXFileReference; lastKnownFileType = text.plist.xml; path = Info.plist; sourceTree = "<group>"; };
		52F8F3A21F0210A5009F9CBB /* TaskItem.swift */ = {isa = PBXFileReference; fileEncoding = 4; lastKnownFileType = sourcecode.swift; path = TaskItem.swift; sourceTree = "<group>"; };
		52F8F3A41F021B56009F9CBB /* CreateTaskViewController.swift */ = {isa = PBXFileReference; fileEncoding = 4; lastKnownFileType = sourcecode.swift; path = CreateTaskViewController.swift; sourceTree = "<group>"; };
/* End PBXFileReference section */

/* Begin PBXFrameworksBuildPhase section */
		52F8F3871F0209CB009F9CBB /* Frameworks */ = {
			isa = PBXFrameworksBuildPhase;
			buildActionMask = 2147483647;
			files = (
			);
			runOnlyForDeploymentPostprocessing = 0;
		};
/* End PBXFrameworksBuildPhase section */

/* Begin PBXGroup section */
		52F8F3811F0209CB009F9CBB = {
			isa = PBXGroup;
			children = (
				52F8F38C1F0209CB009F9CBB /* DoIt2 */,
				52F8F38B1F0209CB009F9CBB /* Products */,
			);
			sourceTree = "<group>";
		};
		52F8F38B1F0209CB009F9CBB /* Products */ = {
			isa = PBXGroup;
			children = (
				52F8F38A1F0209CB009F9CBB /* DoIt2.app */,
			);
			name = Products;
			sourceTree = "<group>";
		};
		52F8F38C1F0209CB009F9CBB /* DoIt2 */ = {
			isa = PBXGroup;
			children = (
				52F8F38D1F0209CB009F9CBB /* AppDelegate.swift */,
				52F8F38F1F0209CB009F9CBB /* TaskViewController.swift */,
				52F8F3A41F021B56009F9CBB /* CreateTaskViewController.swift */,
				5290BB1B1F02AE3E0011B568 /* CompleteTaskViewController.swift */,
				52F8F3A21F0210A5009F9CBB /* TaskItem.swift */,
				52F8F3911F0209CB009F9CBB /* Main.storyboard */,
				52F8F3971F0209CB009F9CBB /* Assets.xcassets */,
				52F8F3991F0209CB009F9CBB /* LaunchScreen.storyboard */,
				52F8F39C1F0209CB009F9CBB /* Info.plist */,
				52F8F3941F0209CB009F9CBB /* DoIt2.xcdatamodeld */,
			);
			path = DoIt2;
			sourceTree = "<group>";
		};
/* End PBXGroup section */

/* Begin PBXNativeTarget section */
		52F8F3891F0209CB009F9CBB /* DoIt2 */ = {
			isa = PBXNativeTarget;
			buildConfigurationList = 52F8F39F1F0209CB009F9CBB /* Build configuration list for PBXNativeTarget "DoIt2" */;
			buildPhases = (
				52F8F3861F0209CB009F9CBB /* Sources */,
				52F8F3871F0209CB009F9CBB /* Frameworks */,
				52F8F3881F0209CB009F9CBB /* Resources */,
			);
			buildRules = (
			);
			dependencies = (
			);
			name = DoIt2;
			productName = DoIt2;
			productReference = 52F8F38A1F0209CB009F9CBB /* DoIt2.app */;
			productType = "com.apple.product-type.application";
		};
/* End PBXNativeTarget section */

/* Begin PBXProject section */
		52F8F3821F0209CB009F9CBB /* Project object */ = {
			isa = PBXProject;
			attributes = {
				LastSwiftUpdateCheck = 0830;
				LastUpgradeCheck = 0830;
				ORGANIZATIONNAME = "Tim McElroy1";
				TargetAttributes = {
					52F8F3891F0209CB009F9CBB = {
						CreatedOnToolsVersion = 8.3.3;
						ProvisioningStyle = Automatic;
					};
				};
			};
			buildConfigurationList = 52F8F3851F0209CB009F9CBB /* Build configuration list for PBXProject "DoIt2" */;
			compatibilityVersion = "Xcode 3.2";
			developmentRegion = English;
			hasScannedForEncodings = 0;
			knownRegions = (
				en,
				Base,
			);
			mainGroup = 52F8F3811F0209CB009F9CBB;
			productRefGroup = 52F8F38B1F0209CB009F9CBB /* Products */;
			projectDirPath = "";
			projectRoot = "";
			targets = (
				52F8F3891F0209CB009F9CBB /* DoIt2 */,
			);
		};
/* End PBXProject section */

/* Begin PBXResourcesBuildPhase section */
		52F8F3881F0209CB009F9CBB /* Resources */ = {
			isa = PBXResourcesBuildPhase;
			buildActionMask = 2147483647;
			files = (
				52F8F39B1F0209CB009F9CBB /* LaunchScreen.storyboard in Resources */,
				52F8F3981F0209CB009F9CBB /* Assets.xcassets in Resources */,
				52F8F3931F0209CB009F9CBB /* Main.storyboard in Resources */,
			);
			runOnlyForDeploymentPostprocessing = 0;
		};
/* End PBXResourcesBuildPhase section */

/* Begin PBXSourcesBuildPhase section */
		52F8F3861F0209CB009F9CBB /* Sources */ = {
			isa = PBXSourcesBuildPhase;
			buildActionMask = 2147483647;
			files = (
				52F8F3901F0209CB009F9CBB /* TaskViewController.swift in Sources */,
				52F8F3961F0209CB009F9CBB /* DoIt2.xcdatamodeld in Sources */,
				5290BB1C1F02AE3E0011B568 /* CompleteTaskViewController.swift in Sources */,
				52F8F38E1F0209CB009F9CBB /* AppDelegate.swift in Sources */,
				52F8F3A31F0210A5009F9CBB /* TaskItem.swift in Sources */,
				52F8F3A51F021B56009F9CBB /* CreateTaskViewController.swift in Sources */,
			);
			runOnlyForDeploymentPostprocessing = 0;
		};
/* End PBXSourcesBuildPhase section */

/* Begin PBXVariantGroup section */
		52F8F3911F0209CB009F9CBB /* Main.storyboard */ = {
			isa = PBXVariantGroup;
			children = (
				52F8F3921F0209CB009F9CBB /* Base */,
			);
			name = Main.storyboard;
			sourceTree = "<group>";
		};
		52F8F3991F0209CB009F9CBB /* LaunchScreen.storyboard */ = {
			isa = PBXVariantGroup;
			children = (
				52F8F39A1F0209CB009F9CBB /* Base */,
			);
			name = LaunchScreen.storyboard;
			sourceTree = "<group>";
		};
/* End PBXVariantGroup section */

/* Begin XCBuildConfiguration section */
		52F8F39D1F0209CB009F9CBB /* Debug */ = {
			isa = XCBuildConfiguration;
			buildSettings = {
				ALWAYS_SEARCH_USER_PATHS = NO;
				CLANG_ANALYZER_NONNULL = YES;
				CLANG_ANALYZER_NUMBER_OBJECT_CONVERSION = YES_AGGRESSIVE;
				CLANG_CXX_LANGUAGE_STANDARD = "gnu++0x";
				CLANG_CXX_LIBRARY = "libc++";
				CLANG_ENABLE_MODULES = YES;
				CLANG_ENABLE_OBJC_ARC = YES;
				CLANG_WARN_BOOL_CONVERSION = YES;
				CLANG_WARN_CONSTANT_CONVERSION = YES;
				CLANG_WARN_DIRECT_OBJC_ISA_USAGE = YES_ERROR;
				CLANG_WARN_DOCUMENTATION_COMMENTS = YES;
				CLANG_WARN_EMPTY_BODY = YES;
				CLANG_WARN_ENUM_CONVERSION = YES;
				CLANG_WARN_INFINITE_RECURSION = YES;
				CLANG_WARN_INT_CONVERSION = YES;
				CLANG_WARN_OBJC_ROOT_CLASS = YES_ERROR;
				CLANG_WARN_SUSPICIOUS_MOVE = YES;
				CLANG_WARN_UNREACHABLE_CODE = YES;
				CLANG_WARN__DUPLICATE_METHOD_MATCH = YES;
				"CODE_SIGN_IDENTITY[sdk=iphoneos*]" = "iPhone Developer";
				COPY_PHASE_STRIP = NO;
				DEBUG_INFORMATION_FORMAT = dwarf;
				ENABLE_STRICT_OBJC_MSGSEND = YES;
				ENABLE_TESTABILITY = YES;
				GCC_C_LANGUAGE_STANDARD = gnu99;
				GCC_DYNAMIC_NO_PIC = NO;
				GCC_NO_COMMON_BLOCKS = YES;
				GCC_OPTIMIZATION_LEVEL = 0;
				GCC_PREPROCESSOR_DEFINITIONS = (
					"DEBUG=1",
					"$(inherited)",
				);
				GCC_WARN_64_TO_32_BIT_CONVERSION = YES;
				GCC_WARN_ABOUT_RETURN_TYPE = YES_ERROR;
				GCC_WARN_UNDECLARED_SELECTOR = YES;
				GCC_WARN_UNINITIALIZED_AUTOS = YES_AGGRESSIVE;
				GCC_WARN_UNUSED_FUNCTION = YES;
				GCC_WARN_UNUSED_VARIABLE = YES;
				IPHONEOS_DEPLOYMENT_TARGET = 10.3;
				MTL_ENABLE_DEBUG_INFO = YES;
				ONLY_ACTIVE_ARCH = YES;
				SDKROOT = iphoneos;
				SWIFT_ACTIVE_COMPILATION_CONDITIONS = DEBUG;
				SWIFT_OPTIMIZATION_LEVEL = "-Onone";
				TARGETED_DEVICE_FAMILY = "1,2";
			};
			name = Debug;
		};
		52F8F39E1F0209CB009F9CBB /* Release */ = {
			isa = XCBuildConfiguration;
			buildSettings = {
				ALWAYS_SEARCH_USER_PATHS = NO;
				CLANG_ANALYZER_NONNULL = YES;
				CLANG_ANALYZER_NUMBER_OBJECT_CONVERSION = YES_AGGRESSIVE;
				CLANG_CXX_LANGUAGE_STANDARD = "gnu++0x";
				CLANG_CXX_LIBRARY = "libc++";
				CLANG_ENABLE_MODULES = YES;
				CLANG_ENABLE_OBJC_ARC = YES;
				CLANG_WARN_BOOL_CONVERSION = YES;
				CLANG_WARN_CONSTANT_CONVERSION = YES;
				CLANG_WARN_DIRECT_OBJC_ISA_USAGE = YES_ERROR;
				CLANG_WARN_DOCUMENTATION_COMMENTS = YES;
				CLANG_WARN_EMPTY_BODY = YES;
				CLANG_WARN_ENUM_CONVERSION = YES;
				CLANG_WARN_INFINITE_RECURSION = YES;
				CLANG_WARN_INT_CONVERSION = YES;
				CLANG_WARN_OBJC_ROOT_CLASS = YES_ERROR;
				CLANG_WARN_SUSPICIOUS_MOVE = YES;
				CLANG_WARN_UNREACHABLE_CODE = YES;
				CLANG_WARN__DUPLICATE_METHOD_MATCH = YES;
				"CODE_SIGN_IDENTITY[sdk=iphoneos*]" = "iPhone Developer";
				COPY_PHASE_STRIP = NO;
				DEBUG_INFORMATION_FORMAT = "dwarf-with-dsym";
				ENABLE_NS_ASSERTIONS = NO;
				ENABLE_STRICT_OBJC_MSGSEND = YES;
				GCC_C_LANGUAGE_STANDARD = gnu99;
				GCC_NO_COMMON_BLOCKS = YES;
				GCC_WARN_64_TO_32_BIT_CONVERSION = YES;
				GCC_WARN_ABOUT_RETURN_TYPE = YES_ERROR;
				GCC_WARN_UNDECLARED_SELECTOR = YES;
				GCC_WARN_UNINITIALIZED_AUTOS = YES_AGGRESSIVE;
				GCC_WARN_UNUSED_FUNCTION = YES;
				GCC_WARN_UNUSED_VARIABLE = YES;
				IPHONEOS_DEPLOYMENT_TARGET = 10.3;
				MTL_ENABLE_DEBUG_INFO = NO;
				SDKROOT = iphoneos;
				SWIFT_OPTIMIZATION_LEVEL = "-Owholemodule";
				TARGETED_DEVICE_FAMILY = "1,2";
				VALIDATE_PRODUCT = YES;
			};
			name = Release;
		};
		52F8F3A01F0209CB009F9CBB /* Debug */ = {
			isa = XCBuildConfiguration;
			buildSettings = {
				ASSETCATALOG_COMPILER_APPICON_NAME = AppIcon;
				INFOPLIST_FILE = DoIt2/Info.plist;
				LD_RUNPATH_SEARCH_PATHS = "$(inherited) @executable_path/Frameworks";
				PRODUCT_BUNDLE_IDENTIFIER = McEl.DoIt2;
				PRODUCT_NAME = "$(TARGET_NAME)";
				SWIFT_VERSION = 3.0;
			};
			name = Debug;
		};
		52F8F3A11F0209CB009F9CBB /* Release */ = {
			isa = XCBuildConfiguration;
			buildSettings = {
				ASSETCATALOG_COMPILER_APPICON_NAME = AppIcon;
				INFOPLIST_FILE = DoIt2/Info.plist;
				LD_RUNPATH_SEARCH_PATHS = "$(inherited) @executable_path/Frameworks";
				PRODUCT_BUNDLE_IDENTIFIER = McEl.DoIt2;
				PRODUCT_NAME = "$(TARGET_NAME)";
				SWIFT_VERSION = 3.0;
			};
			name = Release;
		};
/* End XCBuildConfiguration section */

/* Begin XCConfigurationList section */
		52F8F3851F0209CB009F9CBB /* Build configuration list for PBXProject "DoIt2" */ = {
			isa = XCConfigurationList;
			buildConfigurations = (
				52F8F39D1F0209CB009F9CBB /* Debug */,
				52F8F39E1F0209CB009F9CBB /* Release */,
			);
			defaultConfigurationIsVisible = 0;
			defaultConfigurationName = Release;
		};
		52F8F39F1F0209CB009F9CBB /* Build configuration list for PBXNativeTarget "DoIt2" */ = {
			isa = XCConfigurationList;
			buildConfigurations = (
				52F8F3A01F0209CB009F9CBB /* Debug */,
				52F8F3A11F0209CB009F9CBB /* Release */,
			);
			defaultConfigurationIsVisible = 0;
			defaultConfigurationName = Release;
		};
/* End XCConfigurationList section */

/* Begin XCVersionGroup section */
		52F8F3941F0209CB009F9CBB /* DoIt2.xcdatamodeld */ = {
			isa = XCVersionGroup;
			children = (
				52F8F3951F0209CB009F9CBB /* DoIt2.xcdatamodel */,
			);
			currentVersion = 52F8F3951F0209CB009F9CBB /* DoIt2.xcdatamodel */;
			path = DoIt2.xcdatamodeld;
			sourceTree = "<group>";
			versionGroupType = wrapper.xcdatamodel;
		};
/* End XCVersionGroup section */
	};
	rootObject = 52F8F3821F0209CB009F9CBB /* Project object */;
}
